PODS:
  - FTLinearActivityIndicator (1.1.1)

DEPENDENCIES:
  - FTLinearActivityIndicator (from `../`)

EXTERNAL SOURCES:
  FTLinearActivityIndicator:
    :path: "../"

SPEC CHECKSUMS:
  FTLinearActivityIndicator: a4fb3f4913c0f72bd4c213266146b063fadbc6b8

PODFILE CHECKSUM: d653595fcbe53f0d4160295f6c50f84621e4a209

COCOAPODS: 1.5.3
